
Microsoft Visual Studio Solution File, Format Version 12.00
# Visual Studio Version 16
VisualStudioVersion = 16.0.30320.27
MinimumVisualStudioVersion = 10.0.40219.1
Project("{FAE04EC0-301F-11D3-BF4B-00C04F79EFBC}") = "AnalyzerDemo", "AnalyzerDemo\AnalyzerDemo.csproj", "{FB73C498-AEDE-4F73-89F6-CA2553863B69}"
EndProject
Global
	GlobalSection(SolutionConfigurationPlatforms) = preSolution
		Debug|Any CPU = Debug|Any CPU
		Release|Any CPU = Release|Any CPU
	EndGlobalSection
	GlobalSection(ProjectConfigurationPlatforms) = postSolution
		{FB73C498-AEDE-4F73-89F6-CA2553863B69}.Debug|Any CPU.ActiveCfg = Debug|Any CPU
		{FB73C498-AEDE-4F73-89F6-CA2553863B69}.Debug|Any CPU.Build.0 = Debug|Any CPU
		{FB73C498-AEDE-4F73-89F6-CA2553863B69}.Release|Any CPU.ActiveCfg = Release|Any CPU
		{FB73C498-AEDE-4F73-89F6-CA2553863B69}.Release|Any CPU.Build.0 = Release|Any CPU
	EndGlobalSection
	GlobalSection(SolutionProperties) = preSolution
		HideSolutionNode = FALSE
	EndGlobalSection
	GlobalSection(ExtensibilityGlobals) = postSolution
		SolutionGuid = {10BC6CDA-6664-475F-822F-3E5FB6A55D51}
	EndGlobalSection
EndGlobal
